
Microsoft Visual Studio Solution File, Format Version 12.00
# Visual Studio Version 17
VisualStudioVersion = 17.0.32002.185
MinimumVisualStudioVersion = 10.0.40219.1
Project("{9A19103F-16F7-4668-BE54-9A1E7A4F7556}") = "MssqlTool", "MssqlTool\MssqlTool.csproj", "{23FA72AD-6806-4D52-9A0C-69E5778AC869}"
EndProject
Project("{9A19103F-16F7-4668-BE54-9A1E7A4F7556}") = "MssqlToolTests", "MssqlToolTests\MssqlToolTests.csproj", "{6E5E8D70-9CD3-474A-83A8-700A58D8449E}"
EndProject
Global
	GlobalSection(SolutionConfigurationPlatforms) = preSolution
		Debug|Any CPU = Debug|Any CPU
		Release|Any CPU = Release|Any CPU
	EndGlobalSection
	GlobalSection(ProjectConfigurationPlatforms) = postSolution
		{23FA72AD-6806-4D52-9A0C-69E5778AC869}.Debug|Any CPU.ActiveCfg = Debug|Any CPU
		{23FA72AD-6806-4D52-9A0C-69E5778AC869}.Debug|Any CPU.Build.0 = Debug|Any CPU
		{23FA72AD-6806-4D52-9A0C-69E5778AC869}.Release|Any CPU.ActiveCfg = Release|Any CPU
		{23FA72AD-6806-4D52-9A0C-69E5778AC869}.Release|Any CPU.Build.0 = Release|Any CPU
		{6E5E8D70-9CD3-474A-83A8-700A58D8449E}.Debug|Any CPU.ActiveCfg = Debug|Any CPU
		{6E5E8D70-9CD3-474A-83A8-700A58D8449E}.Debug|Any CPU.Build.0 = Debug|Any CPU
		{6E5E8D70-9CD3-474A-83A8-700A58D8449E}.Release|Any CPU.ActiveCfg = Release|Any CPU
		{6E5E8D70-9CD3-474A-83A8-700A58D8449E}.Release|Any CPU.Build.0 = Release|Any CPU
	EndGlobalSection
	GlobalSection(SolutionProperties) = preSolution
		HideSolutionNode = FALSE
	EndGlobalSection
	GlobalSection(ExtensibilityGlobals) = postSolution
		SolutionGuid = {961F95A7-DAF6-4283-8489-E9F9B691000C}
	EndGlobalSection
EndGlobal
